
Microsoft Visual Studio Solution File, Format Version 12.00
# Visual Studio Version 17
VisualStudioVersion = 17.3.32819.101
MinimumVisualStudioVersion = 10.0.40219.1
Project("{9A19103F-16F7-4668-BE54-9A1E7A4F7556}") = "TestRedis", "TestRedis\TestRedis.csproj", "{7FDBBF5A-1F42-4804-A8E2-D96B1B8E0E38}"
EndProject
Project("{FAE04EC0-301F-11D3-BF4B-00C04F79EFBC}") = "RedisClientLib", "RedisClientLib\RedisClientLib.csproj", "{7D80CD1C-1D0C-4AF3-9AE9-EDEFE42F656D}"
EndProject
Global
	GlobalSection(SolutionConfigurationPlatforms) = preSolution
		Debug|Any CPU = Debug|Any CPU
		Release|Any CPU = Release|Any CPU
	EndGlobalSection
	GlobalSection(ProjectConfigurationPlatforms) = postSolution
		{7FDBBF5A-1F42-4804-A8E2-D96B1B8E0E38}.Debug|Any CPU.ActiveCfg = Debug|Any CPU
		{7FDBBF5A-1F42-4804-A8E2-D96B1B8E0E38}.Debug|Any CPU.Build.0 = Debug|Any CPU
		{7FDBBF5A-1F42-4804-A8E2-D96B1B8E0E38}.Release|Any CPU.ActiveCfg = Release|Any CPU
		{7FDBBF5A-1F42-4804-A8E2-D96B1B8E0E38}.Release|Any CPU.Build.0 = Release|Any CPU
		{7D80CD1C-1D0C-4AF3-9AE9-EDEFE42F656D}.Debug|Any CPU.ActiveCfg = Debug|Any CPU
		{7D80CD1C-1D0C-4AF3-9AE9-EDEFE42F656D}.Debug|Any CPU.Build.0 = Debug|Any CPU
		{7D80CD1C-1D0C-4AF3-9AE9-EDEFE42F656D}.Release|Any CPU.ActiveCfg = Release|Any CPU
		{7D80CD1C-1D0C-4AF3-9AE9-EDEFE42F656D}.Release|Any CPU.Build.0 = Release|Any CPU
	EndGlobalSection
	GlobalSection(SolutionProperties) = preSolution
		HideSolutionNode = FALSE
	EndGlobalSection
	GlobalSection(ExtensibilityGlobals) = postSolution
		SolutionGuid = {9BFDACC7-6B44-4C55-8E3C-87E6C2908986}
	EndGlobalSection
EndGlobal
